Microsoft Visual Studio Solution File, Format Version 12.00
# Visual Studio Version 17
VisualStudioVersion = 17.5.2.0
MinimumVisualStudioVersion = 10.0.40219.1
Project("{2150E333-8FDC-42A3-9474-1A3956D46DE8}") = "api", "api", "{1AE8ACA6-933B-BF2A-3671-3E2EAC007D16}"
EndProject
Project("{FAE04EC0-301F-11D3-BF4B-00C04F79EFBC}") = "Beacon.Api", "api\Beacon.Api\Beacon.Api.csproj", "{FE6641D3-7D0D-4A0A-64FF-0D8E68D5E400}"
EndProject
Project("{FAE04EC0-301F-11D3-BF4B-00C04F79EFBC}") = "Beacon.Tests", "api\Beacon.Tests\Beacon.Tests.csproj", "{EF611553-F8C3-435F-8D61-6E5FDAEB5656}"
EndProject
Global
	GlobalSection(SolutionConfigurationPlatforms) = preSolution
		Debug|Any CPU = Debug|Any CPU
		Release|Any CPU = Release|Any CPU
	EndGlobalSection
	GlobalSection(ProjectConfigurationPlatforms) = postSolution
		{FE6641D3-7D0D-4A0A-64FF-0D8E68D5E400}.Debug|Any CPU.ActiveCfg = Debug|Any CPU
		{FE6641D3-7D0D-4A0A-64FF-0D8E68D5E400}.Debug|Any CPU.Build.0 = Debug|Any CPU
		{FE6641D3-7D0D-4A0A-64FF-0D8E68D5E400}.Release|Any CPU.ActiveCfg = Release|Any CPU
		{FE6641D3-7D0D-4A0A-64FF-0D8E68D5E400}.Release|Any CPU.Build.0 = Release|Any CPU
		{EF611553-F8C3-435F-8D61-6E5FDAEB5656}.Debug|Any CPU.ActiveCfg = Debug|Any CPU
		{EF611553-F8C3-435F-8D61-6E5FDAEB5656}.Debug|Any CPU.Build.0 = Debug|Any CPU
		{EF611553-F8C3-435F-8D61-6E5FDAEB5656}.Release|Any CPU.ActiveCfg = Release|Any CPU
		{EF611553-F8C3-435F-8D61-6E5FDAEB5656}.Release|Any CPU.Build.0 = Release|Any CPU
	EndGlobalSection
	GlobalSection(SolutionProperties) = preSolution
		HideSolutionNode = FALSE
	EndGlobalSection
	GlobalSection(NestedProjects) = preSolution
		{FE6641D3-7D0D-4A0A-64FF-0D8E68D5E400} = {1AE8ACA6-933B-BF2A-3671-3E2EAC007D16}
		{EF611553-F8C3-435F-8D61-6E5FDAEB5656} = {1AE8ACA6-933B-BF2A-3671-3E2EAC007D16}
	EndGlobalSection
	GlobalSection(ExtensibilityGlobals) = postSolution
		SolutionGuid = {37717C3B-5D84-4DCC-A074-A161E87CAE4B}
	EndGlobalSection
EndGlobal
